
Microsoft Visual Studio Solution File, Format Version 12.00
# Visual Studio Version 17
VisualStudioVersion = 17.7.34221.43
MinimumVisualStudioVersion = 10.0.40219.1
Project("{FAE04EC0-301F-11D3-BF4B-00C04F79EFBC}") = "Krypton", "Krypton\Krypton.csproj", "{DEF6DBFD-4C8A-41C8-A0A8-77F764AFE54D}"
EndProject
Global
	GlobalSection(SolutionConfigurationPlatforms) = preSolution
		Debug|Any CPU = Debug|Any CPU
		Release|Any CPU = Release|Any CPU
	EndGlobalSection
	GlobalSection(ProjectConfigurationPlatforms) = postSolution
		{DEF6DBFD-4C8A-41C8-A0A8-77F764AFE54D}.Debug|Any CPU.ActiveCfg = Debug|Any CPU
		{DEF6DBFD-4C8A-41C8-A0A8-77F764AFE54D}.Debug|Any CPU.Build.0 = Debug|Any CPU
		{DEF6DBFD-4C8A-41C8-A0A8-77F764AFE54D}.Release|Any CPU.ActiveCfg = Release|Any CPU
		{DEF6DBFD-4C8A-41C8-A0A8-77F764AFE54D}.Release|Any CPU.Build.0 = Release|Any CPU
	EndGlobalSection
	GlobalSection(SolutionProperties) = preSolution
		HideSolutionNode = FALSE
	EndGlobalSection
	GlobalSection(ExtensibilityGlobals) = postSolution
		SolutionGuid = {42A4C55F-0925-4448-9DB1-C9164D251999}
	EndGlobalSection
EndGlobal
