
Microsoft Visual Studio Solution File, Format Version 12.00
# Visual Studio Version 17
VisualStudioVersion = 17.7.34031.279
MinimumVisualStudioVersion = 10.0.40219.1
Project("{FAE04EC0-301F-11D3-BF4B-00C04F79EFBC}") = "Suma", "Suma\Suma.csproj", "{667EE593-FE1F-4E90-B01A-5A8E03BA0D76}"
EndProject
Global
	GlobalSection(SolutionConfigurationPlatforms) = preSolution
		Debug|Any CPU = Debug|Any CPU
		Release|Any CPU = Release|Any CPU
	EndGlobalSection
	GlobalSection(ProjectConfigurationPlatforms) = postSolution
		{667EE593-FE1F-4E90-B01A-5A8E03BA0D76}.Debug|Any CPU.ActiveCfg = Debug|Any CPU
		{667EE593-FE1F-4E90-B01A-5A8E03BA0D76}.Debug|Any CPU.Build.0 = Debug|Any CPU
		{667EE593-FE1F-4E90-B01A-5A8E03BA0D76}.Release|Any CPU.ActiveCfg = Release|Any CPU
		{667EE593-FE1F-4E90-B01A-5A8E03BA0D76}.Release|Any CPU.Build.0 = Release|Any CPU
	EndGlobalSection
	GlobalSection(SolutionProperties) = preSolution
		HideSolutionNode = FALSE
	EndGlobalSection
	GlobalSection(ExtensibilityGlobals) = postSolution
		SolutionGuid = {8F7C6ED5-232C-4063-9DFF-8355B0334938}
	EndGlobalSection
EndGlobal
