
Microsoft Visual Studio Solution File, Format Version 12.00
# Visual Studio Version 17
VisualStudioVersion = 17.7.34031.279
MinimumVisualStudioVersion = 10.0.40219.1
Project("{FAE04EC0-301F-11D3-BF4B-00C04F79EFBC}") = "EntradasTeatro", "EntradasTeatro\EntradasTeatro.csproj", "{9C84BC74-1D3C-48D8-AAB1-11D1E80CFB0A}"
EndProject
Global
	GlobalSection(SolutionConfigurationPlatforms) = preSolution
		Debug|Any CPU = Debug|Any CPU
		Release|Any CPU = Release|Any CPU
	EndGlobalSection
	GlobalSection(ProjectConfigurationPlatforms) = postSolution
		{9C84BC74-1D3C-48D8-AAB1-11D1E80CFB0A}.Debug|Any CPU.ActiveCfg = Debug|Any CPU
		{9C84BC74-1D3C-48D8-AAB1-11D1E80CFB0A}.Debug|Any CPU.Build.0 = Debug|Any CPU
		{9C84BC74-1D3C-48D8-AAB1-11D1E80CFB0A}.Release|Any CPU.ActiveCfg = Release|Any CPU
		{9C84BC74-1D3C-48D8-AAB1-11D1E80CFB0A}.Release|Any CPU.Build.0 = Release|Any CPU
	EndGlobalSection
	GlobalSection(SolutionProperties) = preSolution
		HideSolutionNode = FALSE
	EndGlobalSection
	GlobalSection(ExtensibilityGlobals) = postSolution
		SolutionGuid = {2322E98C-A2E6-42C4-B115-C5F70587B904}
	EndGlobalSection
EndGlobal
